
Microsoft Visual Studio Solution File, Format Version 12.00
Project("{FAE04EC0-301F-11D3-BF4B-00C04F79EFBC}") = "Robert-Git-Projekt", "Robert-Git-Projekt.csproj", "{63CD61CD-39D1-4521-B21F-1BAA01D64F3E}"
EndProject
Global
	GlobalSection(SolutionConfigurationPlatforms) = preSolution
		Debug|Any CPU = Debug|Any CPU
		Release|Any CPU = Release|Any CPU
	EndGlobalSection
	GlobalSection(ProjectConfigurationPlatforms) = postSolution
		{63CD61CD-39D1-4521-B21F-1BAA01D64F3E}.Debug|Any CPU.ActiveCfg = Debug|Any CPU
		{63CD61CD-39D1-4521-B21F-1BAA01D64F3E}.Debug|Any CPU.Build.0 = Debug|Any CPU
		{63CD61CD-39D1-4521-B21F-1BAA01D64F3E}.Release|Any CPU.ActiveCfg = Release|Any CPU
		{63CD61CD-39D1-4521-B21F-1BAA01D64F3E}.Release|Any CPU.Build.0 = Release|Any CPU
	EndGlobalSection
EndGlobal
